
Microsoft Visual Studio Solution File, Format Version 12.00
# Visual Studio Version 17
VisualStudioVersion = 17.0.31903.59
MinimumVisualStudioVersion = 10.0.40219.1
Project("{2150E333-8FDC-42A3-9474-1A3956D46DE8}") = "src", "src", "{837F2ADD-C7BC-4137-B224-637807A4120F}"
EndProject
Project("{FAE04EC0-301F-11D3-BF4B-00C04F79EFBC}") = "Biblioteca.Web", "src\Biblioteca.Web\Biblioteca.Web.csproj", "{440B2D2B-94D8-4BDA-A386-C671BA1203F3}"
EndProject
Project("{2150E333-8FDC-42A3-9474-1A3956D46DE8}") = "tests", "tests", "{29978322-11E1-43D5-8049-156997BCB427}"
EndProject
Project("{FAE04EC0-301F-11D3-BF4B-00C04F79EFBC}") = "Biblioteca.Tests.Unit", "tests\Biblioteca.Tests.Unit\Biblioteca.Tests.Unit.csproj", "{F2290CCA-18A4-4FDF-8392-93DF74294808}"
EndProject
Global
	GlobalSection(SolutionConfigurationPlatforms) = preSolution
		Debug|Any CPU = Debug|Any CPU
		Release|Any CPU = Release|Any CPU
	EndGlobalSection
	GlobalSection(SolutionProperties) = preSolution
		HideSolutionNode = FALSE
	EndGlobalSection
	GlobalSection(ProjectConfigurationPlatforms) = postSolution
		{440B2D2B-94D8-4BDA-A386-C671BA1203F3}.Debug|Any CPU.ActiveCfg = Debug|Any CPU
		{440B2D2B-94D8-4BDA-A386-C671BA1203F3}.Debug|Any CPU.Build.0 = Debug|Any CPU
		{440B2D2B-94D8-4BDA-A386-C671BA1203F3}.Release|Any CPU.ActiveCfg = Release|Any CPU
		{440B2D2B-94D8-4BDA-A386-C671BA1203F3}.Release|Any CPU.Build.0 = Release|Any CPU
		{F2290CCA-18A4-4FDF-8392-93DF74294808}.Debug|Any CPU.ActiveCfg = Debug|Any CPU
		{F2290CCA-18A4-4FDF-8392-93DF74294808}.Debug|Any CPU.Build.0 = Debug|Any CPU
		{F2290CCA-18A4-4FDF-8392-93DF74294808}.Release|Any CPU.ActiveCfg = Release|Any CPU
		{F2290CCA-18A4-4FDF-8392-93DF74294808}.Release|Any CPU.Build.0 = Release|Any CPU
	EndGlobalSection
	GlobalSection(NestedProjects) = preSolution
		{440B2D2B-94D8-4BDA-A386-C671BA1203F3} = {837F2ADD-C7BC-4137-B224-637807A4120F}
		{F2290CCA-18A4-4FDF-8392-93DF74294808} = {29978322-11E1-43D5-8049-156997BCB427}
	EndGlobalSection
EndGlobal
